PODS:
  - WGFlowControl (1.0.2):
    - WGFlowControl/WGViewFlow (= 1.0.2)
  - WGFlowControl/WGViewFlow (1.0.2)

DEPENDENCIES:
  - WGFlowControl (from `../`)

EXTERNAL SOURCES:
  WGFlowControl:
    :path: "../"

SPEC CHECKSUMS:
  WGFlowControl: 78ca5e2003ace051ada6ef028a6a318ac86d0ff3

PODFILE CHECKSUM: 593fbab80f3c43272e67a1b17acdf9d5eb2ba22d

COCOAPODS: 1.5.3
